
Microsoft Visual Studio Solution File, Format Version 12.00
# Visual Studio Version 16
VisualStudioVersion = 16.0.29806.167
MinimumVisualStudioVersion = 10.0.40219.1
Project("{FAE04EC0-301F-11D3-BF4B-00C04F79EFBC}") = "Rename", "Rename\Rename.csproj", "{09357355-D052-4978-9045-AAD775FACCBE}"
EndProject
Global
	GlobalSection(SolutionConfigurationPlatforms) = preSolution
		Debug|Any CPU = Debug|Any CPU
		Release|Any CPU = Release|Any CPU
	EndGlobalSection
	GlobalSection(ProjectConfigurationPlatforms) = postSolution
		{09357355-D052-4978-9045-AAD775FACCBE}.Debug|Any CPU.ActiveCfg = Debug|Any CPU
		{09357355-D052-4978-9045-AAD775FACCBE}.Debug|Any CPU.Build.0 = Debug|Any CPU
		{09357355-D052-4978-9045-AAD775FACCBE}.Release|Any CPU.ActiveCfg = Release|Any CPU
		{09357355-D052-4978-9045-AAD775FACCBE}.Release|Any CPU.Build.0 = Release|Any CPU
	EndGlobalSection
	GlobalSection(SolutionProperties) = preSolution
		HideSolutionNode = FALSE
	EndGlobalSection
	GlobalSection(ExtensibilityGlobals) = postSolution
		SolutionGuid = {ACA78BEF-DDF1-4855-9BD8-02A8364144E8}
	EndGlobalSection
EndGlobal
